# This file is automatically @generated by Cargo.
# It is not intended for manual editing.
version = 3

[[package]]
name = "concrete_traits"
version = "0.1.0"

[[package]]
name = "ffi"
version = "0.1.0"

[[package]]
name = "functions-example"
version = "0.1.0"

[[package]]
name = "global_variables"
version = "0.1.0"

[[package]]
name = "macros-example"
version = "0.1.0"

[[package]]
name = "types-example"
version = "0.1.0"

[[package]]
name = "unsafe-example"
version = "0.1.0"
